
Microsoft Visual Studio Solution File, Format Version 12.00
# Visual Studio Version 17
VisualStudioVersion = 17.2.32616.157
MinimumVisualStudioVersion = 10.0.40219.1
Project("{FAE04EC0-301F-11D3-BF4B-00C04F79EFBC}") = "Aula20240215", "Aula20240215.csproj", "{ADEFE680-8527-4A8C-94DB-90F9FF82908C}"
EndProject
Global
	GlobalSection(SolutionConfigurationPlatforms) = preSolution
		Debug|Any CPU = Debug|Any CPU
		Release|Any CPU = Release|Any CPU
	EndGlobalSection
	GlobalSection(ProjectConfigurationPlatforms) = postSolution
		{ADEFE680-8527-4A8C-94DB-90F9FF82908C}.Debug|Any CPU.ActiveCfg = Debug|Any CPU
		{ADEFE680-8527-4A8C-94DB-90F9FF82908C}.Debug|Any CPU.Build.0 = Debug|Any CPU
		{ADEFE680-8527-4A8C-94DB-90F9FF82908C}.Release|Any CPU.ActiveCfg = Release|Any CPU
		{ADEFE680-8527-4A8C-94DB-90F9FF82908C}.Release|Any CPU.Build.0 = Release|Any CPU
	EndGlobalSection
	GlobalSection(SolutionProperties) = preSolution
		HideSolutionNode = FALSE
	EndGlobalSection
	GlobalSection(ExtensibilityGlobals) = postSolution
		SolutionGuid = {CC848F6B-9D3D-4E84-98E7-3B9B26568636}
	EndGlobalSection
EndGlobal
